
Microsoft Visual Studio Solution File, Format Version 12.00
# Visual Studio Version 17
VisualStudioVersion = 17.13.35931.197
MinimumVisualStudioVersion = 10.0.40219.1
Project("{FAE04EC0-301F-11D3-BF4B-00C04F79EFBC}") = "EmployeeProfile.Infrastructure", "EmployeeProfile.Infrastructure\EmployeeProfile.Infrastructure.csproj", "{103CF124-3793-4228-A2B9-E59F3022E366}"
EndProject
Project("{FAE04EC0-301F-11D3-BF4B-00C04F79EFBC}") = "EmployeeProfile.Domain", "EmployeeProfile.Domain\EmployeeProfile.Domain.csproj", "{4E4F2C6D-3AD7-42CB-92DF-16C23D0BEC4C}"
EndProject
Project("{FAE04EC0-301F-11D3-BF4B-00C04F79EFBC}") = "EmployeeProfile.API", "EmployeeProfile.API\EmployeeProfile.API.csproj", "{EB006DD7-B121-4E1B-8E85-EE6190053330}"
EndProject
Project("{FAE04EC0-301F-11D3-BF4B-00C04F79EFBC}") = "EmployeeProfile.Application", "EmployeeProfile.Application\EmployeeProfile.Application.csproj", "{DDC7210A-7E3E-4B85-BDCF-8E8EC54ECFFC}"
EndProject
Global
	GlobalSection(SolutionConfigurationPlatforms) = preSolution
		Debug|Any CPU = Debug|Any CPU
		Release|Any CPU = Release|Any CPU
	EndGlobalSection
	GlobalSection(ProjectConfigurationPlatforms) = postSolution
		{103CF124-3793-4228-A2B9-E59F3022E366}.Debug|Any CPU.ActiveCfg = Debug|Any CPU
		{103CF124-3793-4228-A2B9-E59F3022E366}.Debug|Any CPU.Build.0 = Debug|Any CPU
		{103CF124-3793-4228-A2B9-E59F3022E366}.Release|Any CPU.ActiveCfg = Release|Any CPU
		{103CF124-3793-4228-A2B9-E59F3022E366}.Release|Any CPU.Build.0 = Release|Any CPU
		{4E4F2C6D-3AD7-42CB-92DF-16C23D0BEC4C}.Debug|Any CPU.ActiveCfg = Debug|Any CPU
		{4E4F2C6D-3AD7-42CB-92DF-16C23D0BEC4C}.Debug|Any CPU.Build.0 = Debug|Any CPU
		{4E4F2C6D-3AD7-42CB-92DF-16C23D0BEC4C}.Release|Any CPU.ActiveCfg = Release|Any CPU
		{4E4F2C6D-3AD7-42CB-92DF-16C23D0BEC4C}.Release|Any CPU.Build.0 = Release|Any CPU
		{EB006DD7-B121-4E1B-8E85-EE6190053330}.Debug|Any CPU.ActiveCfg = Debug|Any CPU
		{EB006DD7-B121-4E1B-8E85-EE6190053330}.Debug|Any CPU.Build.0 = Debug|Any CPU
		{EB006DD7-B121-4E1B-8E85-EE6190053330}.Release|Any CPU.ActiveCfg = Release|Any CPU
		{EB006DD7-B121-4E1B-8E85-EE6190053330}.Release|Any CPU.Build.0 = Release|Any CPU
		{DDC7210A-7E3E-4B85-BDCF-8E8EC54ECFFC}.Debug|Any CPU.ActiveCfg = Debug|Any CPU
		{DDC7210A-7E3E-4B85-BDCF-8E8EC54ECFFC}.Debug|Any CPU.Build.0 = Debug|Any CPU
		{DDC7210A-7E3E-4B85-BDCF-8E8EC54ECFFC}.Release|Any CPU.ActiveCfg = Release|Any CPU
		{DDC7210A-7E3E-4B85-BDCF-8E8EC54ECFFC}.Release|Any CPU.Build.0 = Release|Any CPU
	EndGlobalSection
	GlobalSection(SolutionProperties) = preSolution
		HideSolutionNode = FALSE
	EndGlobalSection
	GlobalSection(ExtensibilityGlobals) = postSolution
		SolutionGuid = {46FC085D-05EC-4BCB-956A-E7E71B0AF0E8}
	EndGlobalSection
EndGlobal
