
Microsoft Visual Studio Solution File, Format Version 12.00
# Visual Studio Version 17
VisualStudioVersion = 17.13.35931.197 d17.13
MinimumVisualStudioVersion = 10.0.40219.1
Project("{FAE04EC0-301F-11D3-BF4B-00C04F79EFBC}") = "EmployeeProfile", "EmployeeProfile\EmployeeProfile.csproj", "{78F1C8B6-19BE-41D0-8C94-DD5894188D64}"
EndProject
Global
	GlobalSection(SolutionConfigurationPlatforms) = preSolution
		Debug|Any CPU = Debug|Any CPU
		Release|Any CPU = Release|Any CPU
	EndGlobalSection
	GlobalSection(ProjectConfigurationPlatforms) = postSolution
		{78F1C8B6-19BE-41D0-8C94-DD5894188D64}.Debug|Any CPU.ActiveCfg = Debug|Any CPU
		{78F1C8B6-19BE-41D0-8C94-DD5894188D64}.Debug|Any CPU.Build.0 = Debug|Any CPU
		{78F1C8B6-19BE-41D0-8C94-DD5894188D64}.Release|Any CPU.ActiveCfg = Release|Any CPU
		{78F1C8B6-19BE-41D0-8C94-DD5894188D64}.Release|Any CPU.Build.0 = Release|Any CPU
	EndGlobalSection
	GlobalSection(SolutionProperties) = preSolution
		HideSolutionNode = FALSE
	EndGlobalSection
	GlobalSection(ExtensibilityGlobals) = postSolution
		SolutionGuid = {46FC085D-05EC-4BCB-956A-E7E71B0AF0E8}
	EndGlobalSection
EndGlobal
